
Microsoft Visual Studio Solution File, Format Version 12.00
# Visual Studio 15
VisualStudioVersion = 15.0.27703.2042
MinimumVisualStudioVersion = 10.0.40219.1
Project("{FAE04EC0-301F-11D3-BF4B-00C04F79EFBC}") = "HotelManage", "HotelManage\HotelManage.csproj", "{6CF68FCC-6C94-499E-BE43-686836AC8835}"
EndProject
Project("{FAE04EC0-301F-11D3-BF4B-00C04F79EFBC}") = "DAL", "DAL\DAL.csproj", "{E9BC7E1B-804F-46F6-87FA-85877625A4CE}"
EndProject
Project("{FAE04EC0-301F-11D3-BF4B-00C04F79EFBC}") = "BLL", "BLL\BLL.csproj", "{A92D683C-DA80-4642-9874-22EA0DB68161}"
EndProject
Global
	GlobalSection(SolutionConfigurationPlatforms) = preSolution
		Debug|Any CPU = Debug|Any CPU
		Release|Any CPU = Release|Any CPU
	EndGlobalSection
	GlobalSection(ProjectConfigurationPlatforms) = postSolution
		{6CF68FCC-6C94-499E-BE43-686836AC8835}.Debug|Any CPU.ActiveCfg = Debug|Any CPU
		{6CF68FCC-6C94-499E-BE43-686836AC8835}.Debug|Any CPU.Build.0 = Debug|Any CPU
		{6CF68FCC-6C94-499E-BE43-686836AC8835}.Release|Any CPU.ActiveCfg = Release|Any CPU
		{6CF68FCC-6C94-499E-BE43-686836AC8835}.Release|Any CPU.Build.0 = Release|Any CPU
		{E9BC7E1B-804F-46F6-87FA-85877625A4CE}.Debug|Any CPU.ActiveCfg = Debug|Any CPU
		{E9BC7E1B-804F-46F6-87FA-85877625A4CE}.Debug|Any CPU.Build.0 = Debug|Any CPU
		{E9BC7E1B-804F-46F6-87FA-85877625A4CE}.Release|Any CPU.ActiveCfg = Release|Any CPU
		{E9BC7E1B-804F-46F6-87FA-85877625A4CE}.Release|Any CPU.Build.0 = Release|Any CPU
		{A92D683C-DA80-4642-9874-22EA0DB68161}.Debug|Any CPU.ActiveCfg = Debug|Any CPU
		{A92D683C-DA80-4642-9874-22EA0DB68161}.Debug|Any CPU.Build.0 = Debug|Any CPU
		{A92D683C-DA80-4642-9874-22EA0DB68161}.Release|Any CPU.ActiveCfg = Release|Any CPU
		{A92D683C-DA80-4642-9874-22EA0DB68161}.Release|Any CPU.Build.0 = Release|Any CPU
	EndGlobalSection
	GlobalSection(SolutionProperties) = preSolution
		HideSolutionNode = FALSE
	EndGlobalSection
	GlobalSection(ExtensibilityGlobals) = postSolution
		SolutionGuid = {F10861B0-FE4C-4CD4-8A92-16F181842B2B}
	EndGlobalSection
EndGlobal
